
Microsoft Visual Studio Solution File, Format Version 12.00
# Visual Studio Version 17
VisualStudioVersion = 17.4.33205.214
MinimumVisualStudioVersion = 10.0.40219.1
Project("{FAE04EC0-301F-11D3-BF4B-00C04F79EFBC}") = "bytebank", "bytebank\bytebank.csproj", "{AEC54DA0-A962-42C2-B22B-25A9D1C574A4}"
EndProject
Global
	GlobalSection(SolutionConfigurationPlatforms) = preSolution
		Debug|Any CPU = Debug|Any CPU
		Release|Any CPU = Release|Any CPU
	EndGlobalSection
	GlobalSection(ProjectConfigurationPlatforms) = postSolution
		{AEC54DA0-A962-42C2-B22B-25A9D1C574A4}.Debug|Any CPU.ActiveCfg = Debug|Any CPU
		{AEC54DA0-A962-42C2-B22B-25A9D1C574A4}.Debug|Any CPU.Build.0 = Debug|Any CPU
		{AEC54DA0-A962-42C2-B22B-25A9D1C574A4}.Release|Any CPU.ActiveCfg = Release|Any CPU
		{AEC54DA0-A962-42C2-B22B-25A9D1C574A4}.Release|Any CPU.Build.0 = Release|Any CPU
	EndGlobalSection
	GlobalSection(SolutionProperties) = preSolution
		HideSolutionNode = FALSE
	EndGlobalSection
	GlobalSection(ExtensibilityGlobals) = postSolution
		SolutionGuid = {18C138EF-5B13-46AD-882B-195D2A5ED189}
	EndGlobalSection
EndGlobal
